
Microsoft Visual Studio Solution File, Format Version 12.00
# Visual Studio Version 17
VisualStudioVersion = 17.8.34511.84
MinimumVisualStudioVersion = 10.0.40219.1
Project("{9A19103F-16F7-4668-BE54-9A1E7A4F7556}") = "WebAPI", "WebAPI\WebAPI.csproj", "{062F50E4-9E61-4C18-8886-E7C8E0BA2034}"
EndProject
Project("{9A19103F-16F7-4668-BE54-9A1E7A4F7556}") = "BusinessLogicLayer", "BusinessLogicLayer\BusinessLogicLayer.csproj", "{8076913E-E976-4611-8CB5-90B9DFABAE5C}"
EndProject
Project("{9A19103F-16F7-4668-BE54-9A1E7A4F7556}") = "Domain", "Domain\Domain.csproj", "{0C7174CC-5CB4-4AFB-9B82-ABFE67E47EAB}"
EndProject
Project("{9A19103F-16F7-4668-BE54-9A1E7A4F7556}") = "Infra.DataFromMongo", "Infra.DataFromMongo\Infra.DataFromMongo.csproj", "{FED50D95-660C-4307-8FB3-10B39F87BD9D}"
EndProject
Project("{9A19103F-16F7-4668-BE54-9A1E7A4F7556}") = "BusinessLogicLayer.Test", "BusinessLogicLayer.Test\BusinessLogicLayer.Test.csproj", "{281F36A6-B481-4169-9BBB-0991E775AB68}"
EndProject
Project("{2150E333-8FDC-42A3-9474-1A3956D46DE8}") = "UserStory", "UserStory", "{03DBD1DB-01B0-47D3-BD11-04198D665878}"
	ProjectSection(SolutionItems) = preProject
		UserStory\US1.rtf = UserStory\US1.rtf
		UserStory\US2.rtf = UserStory\US2.rtf
		UserStory\US3.rtf = UserStory\US3.rtf
	EndProjectSection
EndProject
Project("{FAE04EC0-301F-11D3-BF4B-00C04F79EFBC}") = "WebAPI.Test", "WebAPI.Test\WebAPI.Test.csproj", "{011B01EF-8117-470D-AB97-CCD2778630A6}"
EndProject
Project("{FAE04EC0-301F-11D3-BF4B-00C04F79EFBC}") = "Infra.DataFromMongo.Test", "Infra.DataFromMongo.Test\Infra.DataFromMongo.Test.csproj", "{EC2738F1-6B4D-49E3-81E0-C44B8F75D700}"
EndProject
Global
	GlobalSection(SolutionConfigurationPlatforms) = preSolution
		Debug|Any CPU = Debug|Any CPU
		Release|Any CPU = Release|Any CPU
	EndGlobalSection
	GlobalSection(ProjectConfigurationPlatforms) = postSolution
		{062F50E4-9E61-4C18-8886-E7C8E0BA2034}.Debug|Any CPU.ActiveCfg = Debug|Any CPU
		{062F50E4-9E61-4C18-8886-E7C8E0BA2034}.Debug|Any CPU.Build.0 = Debug|Any CPU
		{062F50E4-9E61-4C18-8886-E7C8E0BA2034}.Release|Any CPU.ActiveCfg = Release|Any CPU
		{062F50E4-9E61-4C18-8886-E7C8E0BA2034}.Release|Any CPU.Build.0 = Release|Any CPU
		{8076913E-E976-4611-8CB5-90B9DFABAE5C}.Debug|Any CPU.ActiveCfg = Debug|Any CPU
		{8076913E-E976-4611-8CB5-90B9DFABAE5C}.Debug|Any CPU.Build.0 = Debug|Any CPU
		{8076913E-E976-4611-8CB5-90B9DFABAE5C}.Release|Any CPU.ActiveCfg = Release|Any CPU
		{8076913E-E976-4611-8CB5-90B9DFABAE5C}.Release|Any CPU.Build.0 = Release|Any CPU
		{0C7174CC-5CB4-4AFB-9B82-ABFE67E47EAB}.Debug|Any CPU.ActiveCfg = Debug|Any CPU
		{0C7174CC-5CB4-4AFB-9B82-ABFE67E47EAB}.Debug|Any CPU.Build.0 = Debug|Any CPU
		{0C7174CC-5CB4-4AFB-9B82-ABFE67E47EAB}.Release|Any CPU.ActiveCfg = Release|Any CPU
		{0C7174CC-5CB4-4AFB-9B82-ABFE67E47EAB}.Release|Any CPU.Build.0 = Release|Any CPU
		{FED50D95-660C-4307-8FB3-10B39F87BD9D}.Debug|Any CPU.ActiveCfg = Debug|Any CPU
		{FED50D95-660C-4307-8FB3-10B39F87BD9D}.Debug|Any CPU.Build.0 = Debug|Any CPU
		{FED50D95-660C-4307-8FB3-10B39F87BD9D}.Release|Any CPU.ActiveCfg = Release|Any CPU
		{FED50D95-660C-4307-8FB3-10B39F87BD9D}.Release|Any CPU.Build.0 = Release|Any CPU
		{281F36A6-B481-4169-9BBB-0991E775AB68}.Debug|Any CPU.ActiveCfg = Debug|Any CPU
		{281F36A6-B481-4169-9BBB-0991E775AB68}.Debug|Any CPU.Build.0 = Debug|Any CPU
		{281F36A6-B481-4169-9BBB-0991E775AB68}.Release|Any CPU.ActiveCfg = Release|Any CPU
		{281F36A6-B481-4169-9BBB-0991E775AB68}.Release|Any CPU.Build.0 = Release|Any CPU
		{011B01EF-8117-470D-AB97-CCD2778630A6}.Debug|Any CPU.ActiveCfg = Debug|Any CPU
		{011B01EF-8117-470D-AB97-CCD2778630A6}.Debug|Any CPU.Build.0 = Debug|Any CPU
		{011B01EF-8117-470D-AB97-CCD2778630A6}.Release|Any CPU.ActiveCfg = Release|Any CPU
		{011B01EF-8117-470D-AB97-CCD2778630A6}.Release|Any CPU.Build.0 = Release|Any CPU
		{EC2738F1-6B4D-49E3-81E0-C44B8F75D700}.Debug|Any CPU.ActiveCfg = Debug|Any CPU
		{EC2738F1-6B4D-49E3-81E0-C44B8F75D700}.Debug|Any CPU.Build.0 = Debug|Any CPU
		{EC2738F1-6B4D-49E3-81E0-C44B8F75D700}.Release|Any CPU.ActiveCfg = Release|Any CPU
		{EC2738F1-6B4D-49E3-81E0-C44B8F75D700}.Release|Any CPU.Build.0 = Release|Any CPU
	EndGlobalSection
	GlobalSection(SolutionProperties) = preSolution
		HideSolutionNode = FALSE
	EndGlobalSection
	GlobalSection(ExtensibilityGlobals) = postSolution
		SolutionGuid = {E1065DAD-1BC0-4843-B436-4551D8C51AD2}
	EndGlobalSection
EndGlobal
